
Microsoft Visual Studio Solution File, Format Version 12.00
# Visual Studio 15
VisualStudioVersion = 15.0.26124.0
MinimumVisualStudioVersion = 15.0.26124.0
Project("{FAE04EC0-301F-11D3-BF4B-00C04F79EFBC}") = "Domain", "Domain\Domain.csproj", "{D1EF311C-8119-4886-B189-1098E6A6602B}"
EndProject
Project("{FAE04EC0-301F-11D3-BF4B-00C04F79EFBC}") = "Application", "Application\Application.csproj", "{D3EE6405-9BD1-4143-8E22-9B5874CDFE63}"
EndProject
Project("{FAE04EC0-301F-11D3-BF4B-00C04F79EFBC}") = "Persistance", "Persistance\Persistance.csproj", "{F2EA21DF-0624-43F1-A1DF-C6E917022A5C}"
EndProject
Project("{FAE04EC0-301F-11D3-BF4B-00C04F79EFBC}") = "API", "API\API.csproj", "{9C4E11F5-4C0B-4C25-A441-58A7B087AC33}"
EndProject
Global
	GlobalSection(SolutionConfigurationPlatforms) = preSolution
		Debug|Any CPU = Debug|Any CPU
		Debug|x64 = Debug|x64
		Debug|x86 = Debug|x86
		Release|Any CPU = Release|Any CPU
		Release|x64 = Release|x64
		Release|x86 = Release|x86
	EndGlobalSection
	GlobalSection(SolutionProperties) = preSolution
		HideSolutionNode = FALSE
	EndGlobalSection
	GlobalSection(ProjectConfigurationPlatforms) = postSolution
		{D1EF311C-8119-4886-B189-1098E6A6602B}.Debug|Any CPU.ActiveCfg = Debug|Any CPU
		{D1EF311C-8119-4886-B189-1098E6A6602B}.Debug|Any CPU.Build.0 = Debug|Any CPU
		{D1EF311C-8119-4886-B189-1098E6A6602B}.Debug|x64.ActiveCfg = Debug|Any CPU
		{D1EF311C-8119-4886-B189-1098E6A6602B}.Debug|x64.Build.0 = Debug|Any CPU
		{D1EF311C-8119-4886-B189-1098E6A6602B}.Debug|x86.ActiveCfg = Debug|Any CPU
		{D1EF311C-8119-4886-B189-1098E6A6602B}.Debug|x86.Build.0 = Debug|Any CPU
		{D1EF311C-8119-4886-B189-1098E6A6602B}.Release|Any CPU.ActiveCfg = Release|Any CPU
		{D1EF311C-8119-4886-B189-1098E6A6602B}.Release|Any CPU.Build.0 = Release|Any CPU
		{D1EF311C-8119-4886-B189-1098E6A6602B}.Release|x64.ActiveCfg = Release|Any CPU
		{D1EF311C-8119-4886-B189-1098E6A6602B}.Release|x64.Build.0 = Release|Any CPU
		{D1EF311C-8119-4886-B189-1098E6A6602B}.Release|x86.ActiveCfg = Release|Any CPU
		{D1EF311C-8119-4886-B189-1098E6A6602B}.Release|x86.Build.0 = Release|Any CPU
		{D3EE6405-9BD1-4143-8E22-9B5874CDFE63}.Debug|Any CPU.ActiveCfg = Debug|Any CPU
		{D3EE6405-9BD1-4143-8E22-9B5874CDFE63}.Debug|Any CPU.Build.0 = Debug|Any CPU
		{D3EE6405-9BD1-4143-8E22-9B5874CDFE63}.Debug|x64.ActiveCfg = Debug|Any CPU
		{D3EE6405-9BD1-4143-8E22-9B5874CDFE63}.Debug|x64.Build.0 = Debug|Any CPU
		{D3EE6405-9BD1-4143-8E22-9B5874CDFE63}.Debug|x86.ActiveCfg = Debug|Any CPU
		{D3EE6405-9BD1-4143-8E22-9B5874CDFE63}.Debug|x86.Build.0 = Debug|Any CPU
		{D3EE6405-9BD1-4143-8E22-9B5874CDFE63}.Release|Any CPU.ActiveCfg = Release|Any CPU
		{D3EE6405-9BD1-4143-8E22-9B5874CDFE63}.Release|Any CPU.Build.0 = Release|Any CPU
		{D3EE6405-9BD1-4143-8E22-9B5874CDFE63}.Release|x64.ActiveCfg = Release|Any CPU
		{D3EE6405-9BD1-4143-8E22-9B5874CDFE63}.Release|x64.Build.0 = Release|Any CPU
		{D3EE6405-9BD1-4143-8E22-9B5874CDFE63}.Release|x86.ActiveCfg = Release|Any CPU
		{D3EE6405-9BD1-4143-8E22-9B5874CDFE63}.Release|x86.Build.0 = Release|Any CPU
		{F2EA21DF-0624-43F1-A1DF-C6E917022A5C}.Debug|Any CPU.ActiveCfg = Debug|Any CPU
		{F2EA21DF-0624-43F1-A1DF-C6E917022A5C}.Debug|Any CPU.Build.0 = Debug|Any CPU
		{F2EA21DF-0624-43F1-A1DF-C6E917022A5C}.Debug|x64.ActiveCfg = Debug|Any CPU
		{F2EA21DF-0624-43F1-A1DF-C6E917022A5C}.Debug|x64.Build.0 = Debug|Any CPU
		{F2EA21DF-0624-43F1-A1DF-C6E917022A5C}.Debug|x86.ActiveCfg = Debug|Any CPU
		{F2EA21DF-0624-43F1-A1DF-C6E917022A5C}.Debug|x86.Build.0 = Debug|Any CPU
		{F2EA21DF-0624-43F1-A1DF-C6E917022A5C}.Release|Any CPU.ActiveCfg = Release|Any CPU
		{F2EA21DF-0624-43F1-A1DF-C6E917022A5C}.Release|Any CPU.Build.0 = Release|Any CPU
		{F2EA21DF-0624-43F1-A1DF-C6E917022A5C}.Release|x64.ActiveCfg = Release|Any CPU
		{F2EA21DF-0624-43F1-A1DF-C6E917022A5C}.Release|x64.Build.0 = Release|Any CPU
		{F2EA21DF-0624-43F1-A1DF-C6E917022A5C}.Release|x86.ActiveCfg = Release|Any CPU
		{F2EA21DF-0624-43F1-A1DF-C6E917022A5C}.Release|x86.Build.0 = Release|Any CPU
		{9C4E11F5-4C0B-4C25-A441-58A7B087AC33}.Debug|Any CPU.ActiveCfg = Debug|Any CPU
		{9C4E11F5-4C0B-4C25-A441-58A7B087AC33}.Debug|Any CPU.Build.0 = Debug|Any CPU
		{9C4E11F5-4C0B-4C25-A441-58A7B087AC33}.Debug|x64.ActiveCfg = Debug|Any CPU
		{9C4E11F5-4C0B-4C25-A441-58A7B087AC33}.Debug|x64.Build.0 = Debug|Any CPU
		{9C4E11F5-4C0B-4C25-A441-58A7B087AC33}.Debug|x86.ActiveCfg = Debug|Any CPU
		{9C4E11F5-4C0B-4C25-A441-58A7B087AC33}.Debug|x86.Build.0 = Debug|Any CPU
		{9C4E11F5-4C0B-4C25-A441-58A7B087AC33}.Release|Any CPU.ActiveCfg = Release|Any CPU
		{9C4E11F5-4C0B-4C25-A441-58A7B087AC33}.Release|Any CPU.Build.0 = Release|Any CPU
		{9C4E11F5-4C0B-4C25-A441-58A7B087AC33}.Release|x64.ActiveCfg = Release|Any CPU
		{9C4E11F5-4C0B-4C25-A441-58A7B087AC33}.Release|x64.Build.0 = Release|Any CPU
		{9C4E11F5-4C0B-4C25-A441-58A7B087AC33}.Release|x86.ActiveCfg = Release|Any CPU
		{9C4E11F5-4C0B-4C25-A441-58A7B087AC33}.Release|x86.Build.0 = Release|Any CPU
	EndGlobalSection
EndGlobal
